{
  "pins" : [
    {
      "identity" : "snappix",
      "kind" : "remoteSourceControl",
      "location" : "git@github.com:Bereyziat-Development/SnapPix.git",
      "state" : {
        "branch" : "main",
        "revision" : "519461c267885821e5dd464c2b90a42dc65d4fa9"
      }
    },
    {
      "identity" : "swiftuiadaptiveactionsheet",
      "kind" : "remoteSourceControl",
      "location" : "git@github.com:Bereyziat-Development/SwiftUIAdaptiveActionSheet.git",
      "state" : {
        "branch" : "main",
        "revision" : "85a7f919e96b2b2376e882e4f1ff46c535e35ba1"
      }
    }
  ],
  "version" : 2
}
