{
  "pins" : [
    {
      "identity" : "adaptivesheet",
      "kind" : "remoteSourceControl",
      "location" : "https://github.com/Bereyziat-Development/AdaptiveSheet",
      "state" : {
        "revision" : "d0b480c49c40af99aab05a157dbb936aa289253e",
        "version" : "0.2.0"
      }
    },
    {
      "identity" : "snappix",
      "kind" : "remoteSourceControl",
      "location" : "https://github.com/Bereyziat-Development/SnapPix",
      "state" : {
        "revision" : "0e3661437628ce7165de5efaccef7a28a7f10b23",
        "version" : "0.1.1"
      }
    }
  ],
  "version" : 2
}
