{
  "pins" : [
    {
      "identity" : "snappix",
      "kind" : "remoteSourceControl",
      "location" : "https://github.com/Bereyziat-Development/SnapPix",
      "state" : {
        "revision" : "b964d16081d4efb3701614aaa8a7f61dc78d80eb",
        "version" : "0.1.0"
      }
    },
    {
      "identity" : "swiftuiadaptiveactionsheet",
      "kind" : "remoteSourceControl",
      "location" : "https://github.com/Bereyziat-Development/SwiftUIAdaptiveActionSheet",
      "state" : {
        "revision" : "85a7f919e96b2b2376e882e4f1ff46c535e35ba1",
        "version" : "0.1.0"
      }
    }
  ],
  "version" : 2
}
